
Microsoft Visual Studio Solution File, Format Version 12.00
# Visual Studio Version 16
VisualStudioVersion = 16.0.29709.97
MinimumVisualStudioVersion = 10.0.40219.1
Project("{FAE04EC0-301F-11D3-BF4B-00C04F79EFBC}") = "EntityFrameworkExtras", "EntityFrameworkExtras\EntityFrameworkExtras.csproj", "{7A59AE4F-751F-4BE0-BA70-020072F1409E}"
EndProject
Project("{FAE04EC0-301F-11D3-BF4B-00C04F79EFBC}") = "EntityFrameworkExtras.Tests", "EntityFrameworkExtras.Tests\EntityFrameworkExtras.Tests.csproj", "{8522B7EB-3D2D-4E43-BA3D-3F16095B8EFB}"
EndProject
Project("{2150E333-8FDC-42A3-9474-1A3956D46DE8}") = "EF6", "EF6", "{9EC06092-6237-42AE-B0C1-7CF5974368A2}"
EndProject
Project("{FAE04EC0-301F-11D3-BF4B-00C04F79EFBC}") = "EntityFrameworkExtras.EF6", "EntityFrameworkExtras.EF6\EntityFrameworkExtras.EF6.csproj", "{7ED1D61C-9396-4663-952D-D2F7DAD19B19}"
EndProject
Project("{2150E333-8FDC-42A3-9474-1A3956D46DE8}") = "EF4", "EF4", "{AAC9AB41-E68D-4E4A-A848-4A72AA2978D2}"
EndProject
Project("{FAE04EC0-301F-11D3-BF4B-00C04F79EFBC}") = "EntityFrameworkExtras.EF6.Tests", "EntityFrameworkExtras.EF6.Tests\EntityFrameworkExtras.EF6.Tests.csproj", "{B0C9B99B-0C3C-4E72-85D7-12BCD185C067}"
EndProject
Project("{2150E333-8FDC-42A3-9474-1A3956D46DE8}") = "EF5", "EF5", "{90962F79-D846-4F3D-9255-2F28A36D089C}"
EndProject
Project("{FAE04EC0-301F-11D3-BF4B-00C04F79EFBC}") = "EntityFrameworkExtras.EF5", "EntityFrameworkExtras.EF5\EntityFrameworkExtras.EF5.csproj", "{357C473A-D606-4A9B-8C5F-17DEB6FFB006}"
EndProject
Project("{FAE04EC0-301F-11D3-BF4B-00C04F79EFBC}") = "EntityFrameworkExtras.EF5.Tests", "EntityFrameworkExtras.EF5.Tests\EntityFrameworkExtras.EF5.Tests.csproj", "{44BA0CDB-A85D-4657-A935-7D57D6F0EEF9}"
EndProject
Project("{2150E333-8FDC-42A3-9474-1A3956D46DE8}") = "Utils", "Utils", "{A1210DB1-1B13-47B4-B21B-9C08300DCD23}"
	ProjectSection(SolutionItems) = preProject
		icon.png = icon.png
	EndProjectSection
EndProject
Project("{D954291E-2A0B-460D-934E-DC6B0785DB48}") = "EntityFrameworkExtras.Shared", "EntityFrameworkExtras.Shared\EntityFrameworkExtras.Shared.shproj", "{770FA648-FA98-455D-8BF7-9832C9EDE9C6}"
EndProject
Project("{9A19103F-16F7-4668-BE54-9A1E7A4F7556}") = "EntityFrameworkExtras.EF6.NetStandard", "EntityFrameworkExtras.EF6.NetStandard\EntityFrameworkExtras.EF6.NetStandard.csproj", "{8A995513-92C8-4E00-8C99-48BD56496F89}"
EndProject
Project("{D954291E-2A0B-460D-934E-DC6B0785DB48}") = "EntityFrameworkExtras.Tests.Shared", "EntityFrameworkExtras.Tests.Shared\EntityFrameworkExtras.Tests.Shared.shproj", "{8189D203-89F3-4D02-B028-F76CE37C9FDB}"
EndProject
Project("{2150E333-8FDC-42A3-9474-1A3956D46DE8}") = "EFCore", "EFCore", "{9E15663E-75C8-43B6-8236-4847A2685D42}"
EndProject
Project("{FAE04EC0-301F-11D3-BF4B-00C04F79EFBC}") = "EntityFrameworkExtras.EFCore3.Tests", "EntityFrameworkExtras.EFCore3.Tests\EntityFrameworkExtras.EFCore3.Tests.csproj", "{59943B99-772A-47E4-AA70-6D758312C00C}"
EndProject
Project("{9A19103F-16F7-4668-BE54-9A1E7A4F7556}") = "EntityFrameworkExtras.EFCore2.NetStandard20", "EntityFrameworkExtras.EFCore2.NetStandard20\EntityFrameworkExtras.EFCore2.NetStandard20.csproj", "{C4C0A992-318D-4B77-B151-69E18B789A52}"
EndProject
Project("{9A19103F-16F7-4668-BE54-9A1E7A4F7556}") = "EntityFrameworkExtras.EFCore3.NetStandard20", "EntityFrameworkExtras.EFCore3.NetStandard20\EntityFrameworkExtras.EFCore3.NetStandard20.csproj", "{992957E5-4E42-4E90-B510-2C3E3CA56B25}"
EndProject
Project("{9A19103F-16F7-4668-BE54-9A1E7A4F7556}") = "EntityFrameworkExtras.EFCore3.NetStandard21", "EntityFrameworkExtras.EFCore3.NetStandard21\EntityFrameworkExtras.EFCore3.NetStandard21.csproj", "{909F9FC3-3384-467B-9A7D-1B2328080BA8}"
EndProject
Global
	GlobalSection(SharedMSBuildProjectFiles) = preSolution
		EntityFrameworkExtras.Shared\EntityFrameworkExtras.Shared.projitems*{357c473a-d606-4a9b-8c5f-17deb6ffb006}*SharedItemsImports = 4
		EntityFrameworkExtras.Tests.Shared\EntityFrameworkExtras.Tests.Shared.projitems*{44ba0cdb-a85d-4657-a935-7d57d6f0eef9}*SharedItemsImports = 4
		EntityFrameworkExtras.Tests.Shared\EntityFrameworkExtras.Tests.Shared.projitems*{59943b99-772a-47e4-aa70-6d758312c00c}*SharedItemsImports = 4
		EntityFrameworkExtras.Shared\EntityFrameworkExtras.Shared.projitems*{770fa648-fa98-455d-8bf7-9832c9ede9c6}*SharedItemsImports = 13
		EntityFrameworkExtras.Shared\EntityFrameworkExtras.Shared.projitems*{7a59ae4f-751f-4be0-ba70-020072f1409e}*SharedItemsImports = 4
		EntityFrameworkExtras.Shared\EntityFrameworkExtras.Shared.projitems*{7ed1d61c-9396-4663-952d-d2f7dad19b19}*SharedItemsImports = 4
		EntityFrameworkExtras.Tests.Shared\EntityFrameworkExtras.Tests.Shared.projitems*{8189d203-89f3-4d02-b028-f76ce37c9fdb}*SharedItemsImports = 13
		EntityFrameworkExtras.Tests.Shared\EntityFrameworkExtras.Tests.Shared.projitems*{8522b7eb-3d2d-4e43-ba3d-3f16095b8efb}*SharedItemsImports = 4
		EntityFrameworkExtras.Tests.Shared\EntityFrameworkExtras.Tests.Shared.projitems*{b0c9b99b-0c3c-4e72-85d7-12bcd185c067}*SharedItemsImports = 4
	EndGlobalSection
	GlobalSection(SolutionConfigurationPlatforms) = preSolution
		Debug|Any CPU = Debug|Any CPU
		Release|Any CPU = Release|Any CPU
	EndGlobalSection
	GlobalSection(ProjectConfigurationPlatforms) = postSolution
		{7A59AE4F-751F-4BE0-BA70-020072F1409E}.Debug|Any CPU.ActiveCfg = Debug|Any CPU
		{7A59AE4F-751F-4BE0-BA70-020072F1409E}.Debug|Any CPU.Build.0 = Debug|Any CPU
		{7A59AE4F-751F-4BE0-BA70-020072F1409E}.Release|Any CPU.ActiveCfg = Release|Any CPU
		{7A59AE4F-751F-4BE0-BA70-020072F1409E}.Release|Any CPU.Build.0 = Release|Any CPU
		{8522B7EB-3D2D-4E43-BA3D-3F16095B8EFB}.Debug|Any CPU.ActiveCfg = Debug|Any CPU
		{8522B7EB-3D2D-4E43-BA3D-3F16095B8EFB}.Debug|Any CPU.Build.0 = Debug|Any CPU
		{8522B7EB-3D2D-4E43-BA3D-3F16095B8EFB}.Release|Any CPU.ActiveCfg = Release|Any CPU
		{8522B7EB-3D2D-4E43-BA3D-3F16095B8EFB}.Release|Any CPU.Build.0 = Release|Any CPU
		{7ED1D61C-9396-4663-952D-D2F7DAD19B19}.Debug|Any CPU.ActiveCfg = Debug|Any CPU
		{7ED1D61C-9396-4663-952D-D2F7DAD19B19}.Debug|Any CPU.Build.0 = Debug|Any CPU
		{7ED1D61C-9396-4663-952D-D2F7DAD19B19}.Release|Any CPU.ActiveCfg = Release|Any CPU
		{7ED1D61C-9396-4663-952D-D2F7DAD19B19}.Release|Any CPU.Build.0 = Release|Any CPU
		{B0C9B99B-0C3C-4E72-85D7-12BCD185C067}.Debug|Any CPU.ActiveCfg = Debug|Any CPU
		{B0C9B99B-0C3C-4E72-85D7-12BCD185C067}.Debug|Any CPU.Build.0 = Debug|Any CPU
		{B0C9B99B-0C3C-4E72-85D7-12BCD185C067}.Release|Any CPU.ActiveCfg = Release|Any CPU
		{B0C9B99B-0C3C-4E72-85D7-12BCD185C067}.Release|Any CPU.Build.0 = Release|Any CPU
		{357C473A-D606-4A9B-8C5F-17DEB6FFB006}.Debug|Any CPU.ActiveCfg = Debug|Any CPU
		{357C473A-D606-4A9B-8C5F-17DEB6FFB006}.Debug|Any CPU.Build.0 = Debug|Any CPU
		{357C473A-D606-4A9B-8C5F-17DEB6FFB006}.Release|Any CPU.ActiveCfg = Release|Any CPU
		{357C473A-D606-4A9B-8C5F-17DEB6FFB006}.Release|Any CPU.Build.0 = Release|Any CPU
		{44BA0CDB-A85D-4657-A935-7D57D6F0EEF9}.Debug|Any CPU.ActiveCfg = Debug|Any CPU
		{44BA0CDB-A85D-4657-A935-7D57D6F0EEF9}.Debug|Any CPU.Build.0 = Debug|Any CPU
		{44BA0CDB-A85D-4657-A935-7D57D6F0EEF9}.Release|Any CPU.ActiveCfg = Release|Any CPU
		{44BA0CDB-A85D-4657-A935-7D57D6F0EEF9}.Release|Any CPU.Build.0 = Release|Any CPU
		{8A995513-92C8-4E00-8C99-48BD56496F89}.Debug|Any CPU.ActiveCfg = Debug|Any CPU
		{8A995513-92C8-4E00-8C99-48BD56496F89}.Debug|Any CPU.Build.0 = Debug|Any CPU
		{8A995513-92C8-4E00-8C99-48BD56496F89}.Release|Any CPU.ActiveCfg = Release|Any CPU
		{8A995513-92C8-4E00-8C99-48BD56496F89}.Release|Any CPU.Build.0 = Release|Any CPU
		{59943B99-772A-47E4-AA70-6D758312C00C}.Debug|Any CPU.ActiveCfg = Debug|Any CPU
		{59943B99-772A-47E4-AA70-6D758312C00C}.Debug|Any CPU.Build.0 = Debug|Any CPU
		{59943B99-772A-47E4-AA70-6D758312C00C}.Release|Any CPU.ActiveCfg = Release|Any CPU
		{59943B99-772A-47E4-AA70-6D758312C00C}.Release|Any CPU.Build.0 = Release|Any CPU
		{C4C0A992-318D-4B77-B151-69E18B789A52}.Debug|Any CPU.ActiveCfg = Debug|Any CPU
		{C4C0A992-318D-4B77-B151-69E18B789A52}.Debug|Any CPU.Build.0 = Debug|Any CPU
		{C4C0A992-318D-4B77-B151-69E18B789A52}.Release|Any CPU.ActiveCfg = Release|Any CPU
		{C4C0A992-318D-4B77-B151-69E18B789A52}.Release|Any CPU.Build.0 = Release|Any CPU
		{992957E5-4E42-4E90-B510-2C3E3CA56B25}.Debug|Any CPU.ActiveCfg = Debug|Any CPU
		{992957E5-4E42-4E90-B510-2C3E3CA56B25}.Debug|Any CPU.Build.0 = Debug|Any CPU
		{992957E5-4E42-4E90-B510-2C3E3CA56B25}.Release|Any CPU.ActiveCfg = Release|Any CPU
		{992957E5-4E42-4E90-B510-2C3E3CA56B25}.Release|Any CPU.Build.0 = Release|Any CPU
		{909F9FC3-3384-467B-9A7D-1B2328080BA8}.Debug|Any CPU.ActiveCfg = Debug|Any CPU
		{909F9FC3-3384-467B-9A7D-1B2328080BA8}.Debug|Any CPU.Build.0 = Debug|Any CPU
		{909F9FC3-3384-467B-9A7D-1B2328080BA8}.Release|Any CPU.ActiveCfg = Release|Any CPU
		{909F9FC3-3384-467B-9A7D-1B2328080BA8}.Release|Any CPU.Build.0 = Release|Any CPU
	EndGlobalSection
	GlobalSection(SolutionProperties) = preSolution
		HideSolutionNode = FALSE
	EndGlobalSection
	GlobalSection(NestedProjects) = preSolution
		{7A59AE4F-751F-4BE0-BA70-020072F1409E} = {AAC9AB41-E68D-4E4A-A848-4A72AA2978D2}
		{8522B7EB-3D2D-4E43-BA3D-3F16095B8EFB} = {AAC9AB41-E68D-4E4A-A848-4A72AA2978D2}
		{7ED1D61C-9396-4663-952D-D2F7DAD19B19} = {9EC06092-6237-42AE-B0C1-7CF5974368A2}
		{B0C9B99B-0C3C-4E72-85D7-12BCD185C067} = {9EC06092-6237-42AE-B0C1-7CF5974368A2}
		{357C473A-D606-4A9B-8C5F-17DEB6FFB006} = {90962F79-D846-4F3D-9255-2F28A36D089C}
		{44BA0CDB-A85D-4657-A935-7D57D6F0EEF9} = {90962F79-D846-4F3D-9255-2F28A36D089C}
		{8A995513-92C8-4E00-8C99-48BD56496F89} = {9EC06092-6237-42AE-B0C1-7CF5974368A2}
		{59943B99-772A-47E4-AA70-6D758312C00C} = {9E15663E-75C8-43B6-8236-4847A2685D42}
		{C4C0A992-318D-4B77-B151-69E18B789A52} = {9E15663E-75C8-43B6-8236-4847A2685D42}
		{992957E5-4E42-4E90-B510-2C3E3CA56B25} = {9E15663E-75C8-43B6-8236-4847A2685D42}
		{909F9FC3-3384-467B-9A7D-1B2328080BA8} = {9E15663E-75C8-43B6-8236-4847A2685D42}
	EndGlobalSection
	GlobalSection(ExtensibilityGlobals) = postSolution
		SolutionGuid = {8FEFCD82-1FCB-4477-90F7-A935BF59298B}
	EndGlobalSection
	GlobalSection(SubversionScc) = preSolution
		Svn-Managed = True
		Manager = AnkhSVN - Subversion Support for Visual Studio
	EndGlobalSection
EndGlobal
